
Microsoft Visual Studio Solution File, Format Version 12.00
# Visual Studio Version 17
VisualStudioVersion = 17.8.34330.188
MinimumVisualStudioVersion = 10.0.40219.1
Project("{9A19103F-16F7-4668-BE54-9A1E7A4F7556}") = "autocomplete", "autocomplete.csproj", "{E3AEA08F-FD2A-4DDD-AB20-C4CA359881D9}"
EndProject
Global
	GlobalSection(SolutionConfigurationPlatforms) = preSolution
		Debug|Any CPU = Debug|Any CPU
		Release|Any CPU = Release|Any CPU
	EndGlobalSection
	GlobalSection(ProjectConfigurationPlatforms) = postSolution
		{E3AEA08F-FD2A-4DDD-AB20-C4CA359881D9}.Debug|Any CPU.ActiveCfg = Debug|Any CPU
		{E3AEA08F-FD2A-4DDD-AB20-C4CA359881D9}.Debug|Any CPU.Build.0 = Debug|Any CPU
		{E3AEA08F-FD2A-4DDD-AB20-C4CA359881D9}.Release|Any CPU.ActiveCfg = Release|Any CPU
		{E3AEA08F-FD2A-4DDD-AB20-C4CA359881D9}.Release|Any CPU.Build.0 = Release|Any CPU
	EndGlobalSection
	GlobalSection(SolutionProperties) = preSolution
		HideSolutionNode = FALSE
	EndGlobalSection
	GlobalSection(ExtensibilityGlobals) = postSolution
		SolutionGuid = {629DCF03-49CE-4958-9D64-04DBBABDAD0A}
	EndGlobalSection
EndGlobal
